// !$*UTF8*$!
{
	archiveVersion = 1;
	classes = {
	};
	objectVersion = 55;
	objects = {

/* Begin PBXBuildFile section */
		D4C26634279E4E24006FAF5A /* BlockEmployeesApp.swift in Sources */ = {isa = PBXBuildFile; fileRef = D4C26633279E4E24006FAF5A /* BlockEmployeesApp.swift */; };
		D4C26636279E4E24006FAF5A /* EmployeesListView.swift in Sources */ = {isa = PBXBuildFile; fileRef = D4C26635279E4E24006FAF5A /* EmployeesListView.swift */; };
		D4C26638279E4E27006FAF5A /* Assets.xcassets in Resources */ = {isa = PBXBuildFile; fileRef = D4C26637279E4E27006FAF5A /* Assets.xcassets */; };
		D4C2663B279E4E27006FAF5A /* Preview Assets.xcassets in Resources */ = {isa = PBXBuildFile; fileRef = D4C2663A279E4E27006FAF5A /* Preview Assets.xcassets */; };
		D4C26645279E4E27006FAF5A /* BlockEmployeesTests.swift in Sources */ = {isa = PBXBuildFile; fileRef = D4C26644279E4E27006FAF5A /* BlockEmployeesTests.swift */; };
		D4C2664F279E4E27006FAF5A /* BlockEmployeesUITests.swift in Sources */ = {isa = PBXBuildFile; fileRef = D4C2664E279E4E27006FAF5A /* BlockEmployeesUITests.swift */; };
		D4C26651279E4E27006FAF5A /* BlockEmployeesUITestsLaunchTests.swift in Sources */ = {isa = PBXBuildFile; fileRef = D4C26650279E4E27006FAF5A /* BlockEmployeesUITestsLaunchTests.swift */; };
		D4C2665E279E4E3C006FAF5A /* NetworkProvider.swift in Sources */ = {isa = PBXBuildFile; fileRef = D4C2665D279E4E3C006FAF5A /* NetworkProvider.swift */; };
		D4C26660279E4EC8006FAF5A /* fixtures in Resources */ = {isa = PBXBuildFile; fileRef = D4C2665F279E4EC8006FAF5A /* fixtures */; };
		D4C26662279E51F1006FAF5A /* Employee.swift in Sources */ = {isa = PBXBuildFile; fileRef = D4C26661279E51F1006FAF5A /* Employee.swift */; };
		D4C26663279E5411006FAF5A /* fixtures in Resources */ = {isa = PBXBuildFile; fileRef = D4C2665F279E4EC8006FAF5A /* fixtures */; };
		D4C26665279E5F71006FAF5A /* README.md in Resources */ = {isa = PBXBuildFile; fileRef = D4C26664279E5F71006FAF5A /* README.md */; };
		D4C26668279FA768006FAF5A /* CachedAsyncImage in Frameworks */ = {isa = PBXBuildFile; productRef = D4C26667279FA768006FAF5A /* CachedAsyncImage */; };
		D4C2666A279FA7FD006FAF5A /* EmployeeImage.swift in Sources */ = {isa = PBXBuildFile; fileRef = D4C26669279FA7FD006FAF5A /* EmployeeImage.swift */; };
		D4C2666E279FAC91006FAF5A /* EmployeeService.swift in Sources */ = {isa = PBXBuildFile; fileRef = D4C2666D279FAC91006FAF5A /* EmployeeService.swift */; };
/* End PBXBuildFile section */

/* Begin PBXContainerItemProxy section */
		D4C26641279E4E27006FAF5A /* PBXContainerItemProxy */ = {
			isa = PBXContainerItemProxy;
			containerPortal = D4C26628279E4E24006FAF5A /* Project object */;
			proxyType = 1;
			remoteGlobalIDString = D4C2662F279E4E24006FAF5A;
			remoteInfo = BlockEmployees;
		};
		D4C2664B279E4E27006FAF5A /* PBXContainerItemProxy */ = {
			isa = PBXContainerItemProxy;
			containerPortal = D4C26628279E4E24006FAF5A /* Project object */;
			proxyType = 1;
			remoteGlobalIDString = D4C2662F279E4E24006FAF5A;
			remoteInfo = BlockEmployees;
		};
/* End PBXContainerItemProxy section */

/* Begin PBXFileReference section */
		D4C26630279E4E24006FAF5A /* BlockEmployees.app */ = {isa = PBXFileReference; explicitFileType = wrapper.application; includeInIndex = 0; path = BlockEmployees.app; sourceTree = BUILT_PRODUCTS_DIR; };
		D4C26633279E4E24006FAF5A /* BlockEmployeesApp.swift */ = {isa = PBXFileReference; lastKnownFileType = sourcecode.swift; path = BlockEmployeesApp.swift; sourceTree = "<group>"; };
		D4C26635279E4E24006FAF5A /* EmployeesListView.swift */ = {isa = PBXFileReference; lastKnownFileType = sourcecode.swift; path = EmployeesListView.swift; sourceTree = "<group>"; };
		D4C26637279E4E27006FAF5A /* Assets.xcassets */ = {isa = PBXFileReference; lastKnownFileType = folder.assetcatalog; path = Assets.xcassets; sourceTree = "<group>"; };
		D4C2663A279E4E27006FAF5A /* Preview Assets.xcassets */ = {isa = PBXFileReference; lastKnownFileType = folder.assetcatalog; path = "Preview Assets.xcassets"; sourceTree = "<group>"; };
		D4C26640279E4E27006FAF5A /* BlockEmployeesTests.xctest */ = {isa = PBXFileReference; explicitFileType = wrapper.cfbundle; includeInIndex = 0; path = BlockEmployeesTests.xctest; sourceTree = BUILT_PRODUCTS_DIR; };
		D4C26644279E4E27006FAF5A /* BlockEmployeesTests.swift */ = {isa = PBXFileReference; lastKnownFileType = sourcecode.swift; path = BlockEmployeesTests.swift; sourceTree = "<group>"; };
		D4C2664A279E4E27006FAF5A /* BlockEmployeesUITests.xctest */ = {isa = PBXFileReference; explicitFileType = wrapper.cfbundle; includeInIndex = 0; path = BlockEmployeesUITests.xctest; sourceTree = BUILT_PRODUCTS_DIR; };
		D4C2664E279E4E27006FAF5A /* BlockEmployeesUITests.swift */ = {isa = PBXFileReference; lastKnownFileType = sourcecode.swift; path = BlockEmployeesUITests.swift; sourceTree = "<group>"; };
		D4C26650279E4E27006FAF5A /* BlockEmployeesUITestsLaunchTests.swift */ = {isa = PBXFileReference; lastKnownFileType = sourcecode.swift; path = BlockEmployeesUITestsLaunchTests.swift; sourceTree = "<group>"; };
		D4C2665D279E4E3C006FAF5A /* NetworkProvider.swift */ = {isa = PBXFileReference; fileEncoding = 4; lastKnownFileType = sourcecode.swift; path = NetworkProvider.swift; sourceTree = "<group>"; };
		D4C2665F279E4EC8006FAF5A /* fixtures */ = {isa = PBXFileReference; fileEncoding = 4; lastKnownFileType = text; name = fixtures; path = BlockEmployees/fixtures; sourceTree = SOURCE_ROOT; };
		D4C26661279E51F1006FAF5A /* Employee.swift */ = {isa = PBXFileReference; lastKnownFileType = sourcecode.swift; path = Employee.swift; sourceTree = "<group>"; };
		D4C26664279E5F71006FAF5A /* README.md */ = {isa = PBXFileReference; fileEncoding = 4; lastKnownFileType = net.daringfireball.markdown; path = README.md; sourceTree = SOURCE_ROOT; };
		D4C26669279FA7FD006FAF5A /* EmployeeImage.swift */ = {isa = PBXFileReference; lastKnownFileType = sourcecode.swift; path = EmployeeImage.swift; sourceTree = "<group>"; };
		D4C2666D279FAC91006FAF5A /* EmployeeService.swift */ = {isa = PBXFileReference; lastKnownFileType = sourcecode.swift; path = EmployeeService.swift; sourceTree = "<group>"; };
/* End PBXFileReference section */

/* Begin PBXFrameworksBuildPhase section */
		D4C2662D279E4E24006FAF5A /* Frameworks */ = {
			isa = PBXFrameworksBuildPhase;
			buildActionMask = 2147483647;
			files = (
				D4C26668279FA768006FAF5A /* CachedAsyncImage in Frameworks */,
			);
			runOnlyForDeploymentPostprocessing = 0;
		};
		D4C2663D279E4E27006FAF5A /* Frameworks */ = {
			isa = PBXFrameworksBuildPhase;
			buildActionMask = 2147483647;
			files = (
			);
			runOnlyForDeploymentPostprocessing = 0;
		};
		D4C26647279E4E27006FAF5A /* Frameworks */ = {
			isa = PBXFrameworksBuildPhase;
			buildActionMask = 2147483647;
			files = (
			);
			runOnlyForDeploymentPostprocessing = 0;
		};
/* End PBXFrameworksBuildPhase section */

/* Begin PBXGroup section */
		D4C26627279E4E24006FAF5A = {
			isa = PBXGroup;
			children = (
				D4C26664279E5F71006FAF5A /* README.md */,
				D4C26632279E4E24006FAF5A /* BlockEmployees */,
				D4C26643279E4E27006FAF5A /* BlockEmployeesTests */,
				D4C2664D279E4E27006FAF5A /* BlockEmployeesUITests */,
				D4C26631279E4E24006FAF5A /* Products */,
			);
			sourceTree = "<group>";
		};
		D4C26631279E4E24006FAF5A /* Products */ = {
			isa = PBXGroup;
			children = (
				D4C26630279E4E24006FAF5A /* BlockEmployees.app */,
				D4C26640279E4E27006FAF5A /* BlockEmployeesTests.xctest */,
				D4C2664A279E4E27006FAF5A /* BlockEmployeesUITests.xctest */,
			);
			name = Products;
			sourceTree = "<group>";
		};
		D4C26632279E4E24006FAF5A /* BlockEmployees */ = {
			isa = PBXGroup;
			children = (
				D4C26633279E4E24006FAF5A /* BlockEmployeesApp.swift */,
				D4C26635279E4E24006FAF5A /* EmployeesListView.swift */,
				D4C2665D279E4E3C006FAF5A /* NetworkProvider.swift */,
				D4C26669279FA7FD006FAF5A /* EmployeeImage.swift */,
				D4C26661279E51F1006FAF5A /* Employee.swift */,
				D4C2666D279FAC91006FAF5A /* EmployeeService.swift */,
				D4C26637279E4E27006FAF5A /* Assets.xcassets */,
				D4C26639279E4E27006FAF5A /* Preview Content */,
			);
			path = BlockEmployees;
			sourceTree = "<group>";
		};
		D4C26639279E4E27006FAF5A /* Preview Content */ = {
			isa = PBXGroup;
			children = (
				D4C2663A279E4E27006FAF5A /* Preview Assets.xcassets */,
			);
			path = "Preview Content";
			sourceTree = "<group>";
		};
		D4C26643279E4E27006FAF5A /* BlockEmployeesTests */ = {
			isa = PBXGroup;
			children = (
				D4C2665F279E4EC8006FAF5A /* fixtures */,
				D4C26644279E4E27006FAF5A /* BlockEmployeesTests.swift */,
			);
			path = BlockEmployeesTests;
			sourceTree = "<group>";
		};
		D4C2664D279E4E27006FAF5A /* BlockEmployeesUITests */ = {
			isa = PBXGroup;
			children = (
				D4C2664E279E4E27006FAF5A /* BlockEmployeesUITests.swift */,
				D4C26650279E4E27006FAF5A /* BlockEmployeesUITestsLaunchTests.swift */,
			);
			path = BlockEmployeesUITests;
			sourceTree = "<group>";
		};
/* End PBXGroup section */

/* Begin PBXNativeTarget section */
		D4C2662F279E4E24006FAF5A /* BlockEmployees */ = {
			isa = PBXNativeTarget;
			buildConfigurationList = D4C26654279E4E27006FAF5A /* Build configuration list for PBXNativeTarget "BlockEmployees" */;
			buildPhases = (
				D4C2662C279E4E24006FAF5A /* Sources */,
				D4C2662D279E4E24006FAF5A /* Frameworks */,
				D4C2662E279E4E24006FAF5A /* Resources */,
			);
			buildRules = (
			);
			dependencies = (
			);
			name = BlockEmployees;
			packageProductDependencies = (
				D4C26667279FA768006FAF5A /* CachedAsyncImage */,
			);
			productName = BlockEmployees;
			productReference = D4C26630279E4E24006FAF5A /* BlockEmployees.app */;
			productType = "com.apple.product-type.application";
		};
		D4C2663F279E4E27006FAF5A /* BlockEmployeesTests */ = {
			isa = PBXNativeTarget;
			buildConfigurationList = D4C26657279E4E27006FAF5A /* Build configuration list for PBXNativeTarget "BlockEmployeesTests" */;
			buildPhases = (
				D4C2663C279E4E27006FAF5A /* Sources */,
				D4C2663D279E4E27006FAF5A /* Frameworks */,
				D4C2663E279E4E27006FAF5A /* Resources */,
			);
			buildRules = (
			);
			dependencies = (
				D4C26642279E4E27006FAF5A /* PBXTargetDependency */,
			);
			name = BlockEmployeesTests;
			productName = BlockEmployeesTests;
			productReference = D4C26640279E4E27006FAF5A /* BlockEmployeesTests.xctest */;
			productType = "com.apple.product-type.bundle.unit-test";
		};
		D4C26649279E4E27006FAF5A /* BlockEmployeesUITests */ = {
			isa = PBXNativeTarget;
			buildConfigurationList = D4C2665A279E4E27006FAF5A /* Build configuration list for PBXNativeTarget "BlockEmployeesUITests" */;
			buildPhases = (
				D4C26646279E4E27006FAF5A /* Sources */,
				D4C26647279E4E27006FAF5A /* Frameworks */,
				D4C26648279E4E27006FAF5A /* Resources */,
			);
			buildRules = (
			);
			dependencies = (
				D4C2664C279E4E27006FAF5A /* PBXTargetDependency */,
			);
			name = BlockEmployeesUITests;
			productName = BlockEmployeesUITests;
			productReference = D4C2664A279E4E27006FAF5A /* BlockEmployeesUITests.xctest */;
			productType = "com.apple.product-type.bundle.ui-testing";
		};
/* End PBXNativeTarget section */

/* Begin PBXProject section */
		D4C26628279E4E24006FAF5A /* Project object */ = {
			isa = PBXProject;
			attributes = {
				BuildIndependentTargetsInParallel = 1;
				LastSwiftUpdateCheck = 1320;
				LastUpgradeCheck = 1320;
				TargetAttributes = {
					D4C2662F279E4E24006FAF5A = {
						CreatedOnToolsVersion = 13.2.1;
					};
					D4C2663F279E4E27006FAF5A = {
						CreatedOnToolsVersion = 13.2.1;
						TestTargetID = D4C2662F279E4E24006FAF5A;
					};
					D4C26649279E4E27006FAF5A = {
						CreatedOnToolsVersion = 13.2.1;
						TestTargetID = D4C2662F279E4E24006FAF5A;
					};
				};
			};
			buildConfigurationList = D4C2662B279E4E24006FAF5A /* Build configuration list for PBXProject "BlockEmployees" */;
			compatibilityVersion = "Xcode 13.0";
			developmentRegion = en;
			hasScannedForEncodings = 0;
			knownRegions = (
				en,
				Base,
			);
			mainGroup = D4C26627279E4E24006FAF5A;
			packageReferences = (
				D4C26666279FA768006FAF5A /* XCRemoteSwiftPackageReference "SwiftUI-CachedAsyncImage" */,
			);
			productRefGroup = D4C26631279E4E24006FAF5A /* Products */;
			projectDirPath = "";
			projectRoot = "";
			targets = (
				D4C2662F279E4E24006FAF5A /* BlockEmployees */,
				D4C2663F279E4E27006FAF5A /* BlockEmployeesTests */,
				D4C26649279E4E27006FAF5A /* BlockEmployeesUITests */,
			);
		};
/* End PBXProject section */

/* Begin PBXResourcesBuildPhase section */
		D4C2662E279E4E24006FAF5A /* Resources */ = {
			isa = PBXResourcesBuildPhase;
			buildActionMask = 2147483647;
			files = (
				D4C2663B279E4E27006FAF5A /* Preview Assets.xcassets in Resources */,
				D4C26638279E4E27006FAF5A /* Assets.xcassets in Resources */,
				D4C26665279E5F71006FAF5A /* README.md in Resources */,
				D4C26663279E5411006FAF5A /* fixtures in Resources */,
			);
			runOnlyForDeploymentPostprocessing = 0;
		};
		D4C2663E279E4E27006FAF5A /* Resources */ = {
			isa = PBXResourcesBuildPhase;
			buildActionMask = 2147483647;
			files = (
				D4C26660279E4EC8006FAF5A /* fixtures in Resources */,
			);
			runOnlyForDeploymentPostprocessing = 0;
		};
		D4C26648279E4E27006FAF5A /* Resources */ = {
			isa = PBXResourcesBuildPhase;
			buildActionMask = 2147483647;
			files = (
			);
			runOnlyForDeploymentPostprocessing = 0;
		};
/* End PBXResourcesBuildPhase section */

/* Begin PBXSourcesBuildPhase section */
		D4C2662C279E4E24006FAF5A /* Sources */ = {
			isa = PBXSourcesBuildPhase;
			buildActionMask = 2147483647;
			files = (
				D4C26636279E4E24006FAF5A /* EmployeesListView.swift in Sources */,
				D4C2666E279FAC91006FAF5A /* EmployeeService.swift in Sources */,
				D4C26662279E51F1006FAF5A /* Employee.swift in Sources */,
				D4C26634279E4E24006FAF5A /* BlockEmployeesApp.swift in Sources */,
				D4C2666A279FA7FD006FAF5A /* EmployeeImage.swift in Sources */,
				D4C2665E279E4E3C006FAF5A /* NetworkProvider.swift in Sources */,
			);
			runOnlyForDeploymentPostprocessing = 0;
		};
		D4C2663C279E4E27006FAF5A /* Sources */ = {
			isa = PBXSourcesBuildPhase;
			buildActionMask = 2147483647;
			files = (
				D4C26645279E4E27006FAF5A /* BlockEmployeesTests.swift in Sources */,
			);
			runOnlyForDeploymentPostprocessing = 0;
		};
		D4C26646279E4E27006FAF5A /* Sources */ = {
			isa = PBXSourcesBuildPhase;
			buildActionMask = 2147483647;
			files = (
				D4C26651279E4E27006FAF5A /* BlockEmployeesUITestsLaunchTests.swift in Sources */,
				D4C2664F279E4E27006FAF5A /* BlockEmployeesUITests.swift in Sources */,
			);
			runOnlyForDeploymentPostprocessing = 0;
		};
/* End PBXSourcesBuildPhase section */

/* Begin PBXTargetDependency section */
		D4C26642279E4E27006FAF5A /* PBXTargetDependency */ = {
			isa = PBXTargetDependency;
			target = D4C2662F279E4E24006FAF5A /* BlockEmployees */;
			targetProxy = D4C26641279E4E27006FAF5A /* PBXContainerItemProxy */;
		};
		D4C2664C279E4E27006FAF5A /* PBXTargetDependency */ = {
			isa = PBXTargetDependency;
			target = D4C2662F279E4E24006FAF5A /* BlockEmployees */;
			targetProxy = D4C2664B279E4E27006FAF5A /* PBXContainerItemProxy */;
		};
/* End PBXTargetDependency section */

/* Begin XCBuildConfiguration section */
		D4C26652279E4E27006FAF5A /* Debug */ = {
			isa = XCBuildConfiguration;
			buildSettings = {
				ALWAYS_SEARCH_USER_PATHS = NO;
				CLANG_ANALYZER_NONNULL = YES;
				CLANG_ANALYZER_NUMBER_OBJECT_CONVERSION = YES_AGGRESSIVE;
				CLANG_CXX_LANGUAGE_STANDARD = "gnu++17";
				CLANG_CXX_LIBRARY = "libc++";
				CLANG_ENABLE_MODULES = YES;
				CLANG_ENABLE_OBJC_ARC = YES;
				CLANG_ENABLE_OBJC_WEAK = YES;
				CLANG_WARN_BLOCK_CAPTURE_AUTORELEASING = YES;
				CLANG_WARN_BOOL_CONVERSION = YES;
				CLANG_WARN_COMMA = YES;
				CLANG_WARN_CONSTANT_CONVERSION = YES;
				CLANG_WARN_DEPRECATED_OBJC_IMPLEMENTATIONS = YES;
				CLANG_WARN_DIRECT_OBJC_ISA_USAGE = YES_ERROR;
				CLANG_WARN_DOCUMENTATION_COMMENTS = YES;
				CLANG_WARN_EMPTY_BODY = YES;
				CLANG_WARN_ENUM_CONVERSION = YES;
				CLANG_WARN_INFINITE_RECURSION = YES;
				CLANG_WARN_INT_CONVERSION = YES;
				CLANG_WARN_NON_LITERAL_NULL_CONVERSION = YES;
				CLANG_WARN_OBJC_IMPLICIT_RETAIN_SELF = YES;
				CLANG_WARN_OBJC_LITERAL_CONVERSION = YES;
				CLANG_WARN_OBJC_ROOT_CLASS = YES_ERROR;
				CLANG_WARN_QUOTED_INCLUDE_IN_FRAMEWORK_HEADER = YES;
				CLANG_WARN_RANGE_LOOP_ANALYSIS = YES;
				CLANG_WARN_STRICT_PROTOTYPES = YES;
				CLANG_WARN_SUSPICIOUS_MOVE = YES;
				CLANG_WARN_UNGUARDED_AVAILABILITY = YES_AGGRESSIVE;
				CLANG_WARN_UNREACHABLE_CODE = YES;
				CLANG_WARN__DUPLICATE_METHOD_MATCH = YES;
				COPY_PHASE_STRIP = NO;
				DEBUG_INFORMATION_FORMAT = dwarf;
				ENABLE_STRICT_OBJC_MSGSEND = YES;
				ENABLE_TESTABILITY = YES;
				GCC_C_LANGUAGE_STANDARD = gnu11;
				GCC_DYNAMIC_NO_PIC = NO;
				GCC_NO_COMMON_BLOCKS = YES;
				GCC_OPTIMIZATION_LEVEL = 0;
				GCC_PREPROCESSOR_DEFINITIONS = (
					"DEBUG=1",
					"$(inherited)",
				);
				GCC_WARN_64_TO_32_BIT_CONVERSION = YES;
				GCC_WARN_ABOUT_RETURN_TYPE = YES_ERROR;
				GCC_WARN_UNDECLARED_SELECTOR = YES;
				GCC_WARN_UNINITIALIZED_AUTOS = YES_AGGRESSIVE;
				GCC_WARN_UNUSED_FUNCTION = YES;
				GCC_WARN_UNUSED_VARIABLE = YES;
				IPHONEOS_DEPLOYMENT_TARGET = 15.2;
				MTL_ENABLE_DEBUG_INFO = INCLUDE_SOURCE;
				MTL_FAST_MATH = YES;
				ONLY_ACTIVE_ARCH = YES;
				SDKROOT = iphoneos;
				SWIFT_ACTIVE_COMPILATION_CONDITIONS = DEBUG;
				SWIFT_OPTIMIZATION_LEVEL = "-Onone";
			};
			name = Debug;
		};
		D4C26653279E4E27006FAF5A /* Release */ = {
			isa = XCBuildConfiguration;
			buildSettings = {
				ALWAYS_SEARCH_USER_PATHS = NO;
				CLANG_ANALYZER_NONNULL = YES;
				CLANG_ANALYZER_NUMBER_OBJECT_CONVERSION = YES_AGGRESSIVE;
				CLANG_CXX_LANGUAGE_STANDARD = "gnu++17";
				CLANG_CXX_LIBRARY = "libc++";
				CLANG_ENABLE_MODULES = YES;
				CLANG_ENABLE_OBJC_ARC = YES;
				CLANG_ENABLE_OBJC_WEAK = YES;
				CLANG_WARN_BLOCK_CAPTURE_AUTORELEASING = YES;
				CLANG_WARN_BOOL_CONVERSION = YES;
				CLANG_WARN_COMMA = YES;
				CLANG_WARN_CONSTANT_CONVERSION = YES;
				CLANG_WARN_DEPRECATED_OBJC_IMPLEMENTATIONS = YES;
				CLANG_WARN_DIRECT_OBJC_ISA_USAGE = YES_ERROR;
				CLANG_WARN_DOCUMENTATION_COMMENTS = YES;
				CLANG_WARN_EMPTY_BODY = YES;
				CLANG_WARN_ENUM_CONVERSION = YES;
				CLANG_WARN_INFINITE_RECURSION = YES;
				CLANG_WARN_INT_CONVERSION = YES;
				CLANG_WARN_NON_LITERAL_NULL_CONVERSION = YES;
				CLANG_WARN_OBJC_IMPLICIT_RETAIN_SELF = YES;
				CLANG_WARN_OBJC_LITERAL_CONVERSION = YES;
				CLANG_WARN_OBJC_ROOT_CLASS = YES_ERROR;
				CLANG_WARN_QUOTED_INCLUDE_IN_FRAMEWORK_HEADER = YES;
				CLANG_WARN_RANGE_LOOP_ANALYSIS = YES;
				CLANG_WARN_STRICT_PROTOTYPES = YES;
				CLANG_WARN_SUSPICIOUS_MOVE = YES;
				CLANG_WARN_UNGUARDED_AVAILABILITY = YES_AGGRESSIVE;
				CLANG_WARN_UNREACHABLE_CODE = YES;
				CLANG_WARN__DUPLICATE_METHOD_MATCH = YES;
				COPY_PHASE_STRIP = NO;
				DEBUG_INFORMATION_FORMAT = "dwarf-with-dsym";
				ENABLE_NS_ASSERTIONS = NO;
				ENABLE_STRICT_OBJC_MSGSEND = YES;
				GCC_C_LANGUAGE_STANDARD = gnu11;
				GCC_NO_COMMON_BLOCKS = YES;
				GCC_WARN_64_TO_32_BIT_CONVERSION = YES;
				GCC_WARN_ABOUT_RETURN_TYPE = YES_ERROR;
				GCC_WARN_UNDECLARED_SELECTOR = YES;
				GCC_WARN_UNINITIALIZED_AUTOS = YES_AGGRESSIVE;
				GCC_WARN_UNUSED_FUNCTION = YES;
				GCC_WARN_UNUSED_VARIABLE = YES;
				IPHONEOS_DEPLOYMENT_TARGET = 15.2;
				MTL_ENABLE_DEBUG_INFO = NO;
				MTL_FAST_MATH = YES;
				SDKROOT = iphoneos;
				SWIFT_COMPILATION_MODE = wholemodule;
				SWIFT_OPTIMIZATION_LEVEL = "-O";
				VALIDATE_PRODUCT = YES;
			};
			name = Release;
		};
		D4C26655279E4E27006FAF5A /* Debug */ = {
			isa = XCBuildConfiguration;
			buildSettings = {
				ASSETCATALOG_COMPILER_APPICON_NAME = AppIcon;
				ASSETCATALOG_COMPILER_GLOBAL_ACCENT_COLOR_NAME = AccentColor;
				CODE_SIGN_STYLE = Automatic;
				CURRENT_PROJECT_VERSION = 1;
				DEVELOPMENT_ASSET_PATHS = "\"BlockEmployees/Preview Content\"";
				DEVELOPMENT_TEAM = 7289C5AAFZ;
				ENABLE_PREVIEWS = YES;
				GENERATE_INFOPLIST_FILE = YES;
				INFOPLIST_KEY_UIApplicationSceneManifest_Generation = YES;
				INFOPLIST_KEY_UIApplicationSupportsIndirectInputEvents = YES;
				INFOPLIST_KEY_UILaunchScreen_Generation = YES;
				INFOPLIST_KEY_UISupportedInterfaceOrientations_iPad = "UIInterfaceOrientationPortrait UIInterfaceOrientationPortraitUpsideDown UIInterfaceOrientationLandscapeLeft UIInterfaceOrientationLandscapeRight";
				INFOPLIST_KEY_UISupportedInterfaceOrientations_iPhone = "UIInterfaceOrientationPortrait UIInterfaceOrientationLandscapeLeft UIInterfaceOrientationLandscapeRight";
				LD_RUNPATH_SEARCH_PATHS = (
					"$(inherited)",
					"@executable_path/Frameworks",
				);
				MARKETING_VERSION = 1.0;
				PRODUCT_BUNDLE_IDENTIFIER = com.sbromberg.BlockEmployees;
				PRODUCT_NAME = "$(TARGET_NAME)";
				SWIFT_EMIT_LOC_STRINGS = YES;
				SWIFT_VERSION = 5.0;
				TARGETED_DEVICE_FAMILY = "1,2";
			};
			name = Debug;
		};
		D4C26656279E4E27006FAF5A /* Release */ = {
			isa = XCBuildConfiguration;
			buildSettings = {
				ASSETCATALOG_COMPILER_APPICON_NAME = AppIcon;
				ASSETCATALOG_COMPILER_GLOBAL_ACCENT_COLOR_NAME = AccentColor;
				CODE_SIGN_STYLE = Automatic;
				CURRENT_PROJECT_VERSION = 1;
				DEVELOPMENT_ASSET_PATHS = "\"BlockEmployees/Preview Content\"";
				DEVELOPMENT_TEAM = 7289C5AAFZ;
				ENABLE_PREVIEWS = YES;
				GENERATE_INFOPLIST_FILE = YES;
				INFOPLIST_KEY_UIApplicationSceneManifest_Generation = YES;
				INFOPLIST_KEY_UIApplicationSupportsIndirectInputEvents = YES;
				INFOPLIST_KEY_UILaunchScreen_Generation = YES;
				INFOPLIST_KEY_UISupportedInterfaceOrientations_iPad = "UIInterfaceOrientationPortrait UIInterfaceOrientationPortraitUpsideDown UIInterfaceOrientationLandscapeLeft UIInterfaceOrientationLandscapeRight";
				INFOPLIST_KEY_UISupportedInterfaceOrientations_iPhone = "UIInterfaceOrientationPortrait UIInterfaceOrientationLandscapeLeft UIInterfaceOrientationLandscapeRight";
				LD_RUNPATH_SEARCH_PATHS = (
					"$(inherited)",
					"@executable_path/Frameworks",
				);
				MARKETING_VERSION = 1.0;
				PRODUCT_BUNDLE_IDENTIFIER = com.sbromberg.BlockEmployees;
				PRODUCT_NAME = "$(TARGET_NAME)";
				SWIFT_EMIT_LOC_STRINGS = YES;
				SWIFT_VERSION = 5.0;
				TARGETED_DEVICE_FAMILY = "1,2";
			};
			name = Release;
		};
		D4C26658279E4E27006FAF5A /* Debug */ = {
			isa = XCBuildConfiguration;
			buildSettings = {
				ALWAYS_EMBED_SWIFT_STANDARD_LIBRARIES = YES;
				BUNDLE_LOADER = "$(TEST_HOST)";
				CODE_SIGN_STYLE = Automatic;
				CURRENT_PROJECT_VERSION = 1;
				DEVELOPMENT_TEAM = 7289C5AAFZ;
				GENERATE_INFOPLIST_FILE = YES;
				IPHONEOS_DEPLOYMENT_TARGET = 15.2;
				MARKETING_VERSION = 1.0;
				PRODUCT_BUNDLE_IDENTIFIER = com.sbromberg.BlockEmployeesTests;
				PRODUCT_NAME = "$(TARGET_NAME)";
				SWIFT_EMIT_LOC_STRINGS = NO;
				SWIFT_VERSION = 5.0;
				TARGETED_DEVICE_FAMILY = "1,2";
				TEST_HOST = "$(BUILT_PRODUCTS_DIR)/BlockEmployees.app/BlockEmployees";
			};
			name = Debug;
		};
		D4C26659279E4E27006FAF5A /* Release */ = {
			isa = XCBuildConfiguration;
			buildSettings = {
				ALWAYS_EMBED_SWIFT_STANDARD_LIBRARIES = YES;
				BUNDLE_LOADER = "$(TEST_HOST)";
				CODE_SIGN_STYLE = Automatic;
				CURRENT_PROJECT_VERSION = 1;
				DEVELOPMENT_TEAM = 7289C5AAFZ;
				GENERATE_INFOPLIST_FILE = YES;
				IPHONEOS_DEPLOYMENT_TARGET = 15.2;
				MARKETING_VERSION = 1.0;
				PRODUCT_BUNDLE_IDENTIFIER = com.sbromberg.BlockEmployeesTests;
				PRODUCT_NAME = "$(TARGET_NAME)";
				SWIFT_EMIT_LOC_STRINGS = NO;
				SWIFT_VERSION = 5.0;
				TARGETED_DEVICE_FAMILY = "1,2";
				TEST_HOST = "$(BUILT_PRODUCTS_DIR)/BlockEmployees.app/BlockEmployees";
			};
			name = Release;
		};
		D4C2665B279E4E27006FAF5A /* Debug */ = {
			isa = XCBuildConfiguration;
			buildSettings = {
				ALWAYS_EMBED_SWIFT_STANDARD_LIBRARIES = YES;
				CODE_SIGN_STYLE = Automatic;
				CURRENT_PROJECT_VERSION = 1;
				DEVELOPMENT_TEAM = 7289C5AAFZ;
				GENERATE_INFOPLIST_FILE = YES;
				MARKETING_VERSION = 1.0;
				PRODUCT_BUNDLE_IDENTIFIER = com.sbromberg.BlockEmployeesUITests;
				PRODUCT_NAME = "$(TARGET_NAME)";
				SWIFT_EMIT_LOC_STRINGS = NO;
				SWIFT_VERSION = 5.0;
				TARGETED_DEVICE_FAMILY = "1,2";
				TEST_TARGET_NAME = BlockEmployees;
			};
			name = Debug;
		};
		D4C2665C279E4E27006FAF5A /* Release */ = {
			isa = XCBuildConfiguration;
			buildSettings = {
				ALWAYS_EMBED_SWIFT_STANDARD_LIBRARIES = YES;
				CODE_SIGN_STYLE = Automatic;
				CURRENT_PROJECT_VERSION = 1;
				DEVELOPMENT_TEAM = 7289C5AAFZ;
				GENERATE_INFOPLIST_FILE = YES;
				MARKETING_VERSION = 1.0;
				PRODUCT_BUNDLE_IDENTIFIER = com.sbromberg.BlockEmployeesUITests;
				PRODUCT_NAME = "$(TARGET_NAME)";
				SWIFT_EMIT_LOC_STRINGS = NO;
				SWIFT_VERSION = 5.0;
				TARGETED_DEVICE_FAMILY = "1,2";
				TEST_TARGET_NAME = BlockEmployees;
			};
			name = Release;
		};
/* End XCBuildConfiguration section */

/* Begin XCConfigurationList section */
		D4C2662B279E4E24006FAF5A /* Build configuration list for PBXProject "BlockEmployees" */ = {
			isa = XCConfigurationList;
			buildConfigurations = (
				D4C26652279E4E27006FAF5A /* Debug */,
				D4C26653279E4E27006FAF5A /* Release */,
			);
			defaultConfigurationIsVisible = 0;
			defaultConfigurationName = Release;
		};
		D4C26654279E4E27006FAF5A /* Build configuration list for PBXNativeTarget "BlockEmployees" */ = {
			isa = XCConfigurationList;
			buildConfigurations = (
				D4C26655279E4E27006FAF5A /* Debug */,
				D4C26656279E4E27006FAF5A /* Release */,
			);
			defaultConfigurationIsVisible = 0;
			defaultConfigurationName = Release;
		};
		D4C26657279E4E27006FAF5A /* Build configuration list for PBXNativeTarget "BlockEmployeesTests" */ = {
			isa = XCConfigurationList;
			buildConfigurations = (
				D4C26658279E4E27006FAF5A /* Debug */,
				D4C26659279E4E27006FAF5A /* Release */,
			);
			defaultConfigurationIsVisible = 0;
			defaultConfigurationName = Release;
		};
		D4C2665A279E4E27006FAF5A /* Build configuration list for PBXNativeTarget "BlockEmployeesUITests" */ = {
			isa = XCConfigurationList;
			buildConfigurations = (
				D4C2665B279E4E27006FAF5A /* Debug */,
				D4C2665C279E4E27006FAF5A /* Release */,
			);
			defaultConfigurationIsVisible = 0;
			defaultConfigurationName = Release;
		};
/* End XCConfigurationList section */

/* Begin XCRemoteSwiftPackageReference section */
		D4C26666279FA768006FAF5A /* XCRemoteSwiftPackageReference "SwiftUI-CachedAsyncImage" */ = {
			isa = XCRemoteSwiftPackageReference;
			repositoryURL = "https://github.com/lorenzofiamingo/SwiftUI-CachedAsyncImage";
			requirement = {
				kind = upToNextMajorVersion;
				minimumVersion = 1.0.0;
			};
		};
/* End XCRemoteSwiftPackageReference section */

/* Begin XCSwiftPackageProductDependency section */
		D4C26667279FA768006FAF5A /* CachedAsyncImage */ = {
			isa = XCSwiftPackageProductDependency;
			package = D4C26666279FA768006FAF5A /* XCRemoteSwiftPackageReference "SwiftUI-CachedAsyncImage" */;
			productName = CachedAsyncImage;
		};
/* End XCSwiftPackageProductDependency section */
	};
	rootObject = D4C26628279E4E24006FAF5A /* Project object */;
}
